
Microsoft Visual Studio Solution File, Format Version 12.00
# Visual Studio Version 16
VisualStudioVersion = 16.0.30907.101
MinimumVisualStudioVersion = 10.0.40219.1
Project("{8BC9CEB8-8B4A-11D0-8D11-00A0C91BC942}") = "SFMLGame", "SFMLGame\SFMLGame.vcxproj", "{7C6A8E1B-869E-43C8-A88D-80EFC16539EA}"
EndProject
Global
	GlobalSection(SolutionConfigurationPlatforms) = preSolution
		Debug|x64 = Debug|x64
		Debug|x86 = Debug|x86
		Release|x64 = Release|x64
		Release|x86 = Release|x86
	EndGlobalSection
	GlobalSection(ProjectConfigurationPlatforms) = postSolution
		{7C6A8E1B-869E-43C8-A88D-80EFC16539EA}.Debug|x64.ActiveCfg = Debug|Win32
		{7C6A8E1B-869E-43C8-A88D-80EFC16539EA}.Debug|x64.Build.0 = Debug|Win32
		{7C6A8E1B-869E-43C8-A88D-80EFC16539EA}.Debug|x86.ActiveCfg = Debug|Win32
		{7C6A8E1B-869E-43C8-A88D-80EFC16539EA}.Debug|x86.Build.0 = Debug|Win32
		{7C6A8E1B-869E-43C8-A88D-80EFC16539EA}.Release|x64.ActiveCfg = Release|Win32
		{7C6A8E1B-869E-43C8-A88D-80EFC16539EA}.Release|x64.Build.0 = Release|Win32
		{7C6A8E1B-869E-43C8-A88D-80EFC16539EA}.Release|x86.ActiveCfg = Release|Win32
		{7C6A8E1B-869E-43C8-A88D-80EFC16539EA}.Release|x86.Build.0 = Release|Win32
	EndGlobalSection
	GlobalSection(SolutionProperties) = preSolution
		HideSolutionNode = FALSE
	EndGlobalSection
	GlobalSection(ExtensibilityGlobals) = postSolution
		SolutionGuid = {B8749841-41DB-4A1F-B4CB-0B9142C3E604}
	EndGlobalSection
EndGlobal
